
Microsoft Visual Studio Solution File, Format Version 12.00
# Visual Studio Version 17
VisualStudioVersion = 17.0.32014.148
MinimumVisualStudioVersion = 10.0.40219.1
Project("{FAE04EC0-301F-11D3-BF4B-00C04F79EFBC}") = "FFmpegSample", "FFmpegSample\FFmpegSample.csproj", "{B87BD49C-667B-43B7-A98A-F33FF51878E1}"
EndProject
Global
	GlobalSection(SolutionConfigurationPlatforms) = preSolution
		Debug|Any CPU = Debug|Any CPU
		Release|Any CPU = Release|Any CPU
	EndGlobalSection
	GlobalSection(ProjectConfigurationPlatforms) = postSolution
		{B87BD49C-667B-43B7-A98A-F33FF51878E1}.Debug|Any CPU.ActiveCfg = Debug|Any CPU
		{B87BD49C-667B-43B7-A98A-F33FF51878E1}.Debug|Any CPU.Build.0 = Debug|Any CPU
		{B87BD49C-667B-43B7-A98A-F33FF51878E1}.Release|Any CPU.ActiveCfg = Release|Any CPU
		{B87BD49C-667B-43B7-A98A-F33FF51878E1}.Release|Any CPU.Build.0 = Release|Any CPU
	EndGlobalSection
	GlobalSection(SolutionProperties) = preSolution
		HideSolutionNode = FALSE
	EndGlobalSection
	GlobalSection(ExtensibilityGlobals) = postSolution
		SolutionGuid = {2FCD7B87-E64E-4100-AAA6-C1B4F530B7CF}
	EndGlobalSection
EndGlobal
